# This file is automatically @generated by Cargo.
# It is not intended for manual editing.
[[package]]
name = "directed_bijective_connection_graph"
version = "0.2.1"

[[package]]
name = "hypercube"
version = "0.1.0"
dependencies = [
 "directed_bijective_connection_graph 0.2.1",
]

[[package]]
name = "ltq"
version = "0.1.0"

